// !$*UTF8*$!
{
	archiveVersion = 1;
	classes = {
	};
	objectVersion = 77;
	objects = {

/* Begin PBXBuildFile section */
		3EE1E8222D8E7FF400681B6B /* TMDBResponse.swift in Sources */ = {isa = PBXBuildFile; fileRef = 3EE1E8212D8E7FF400681B6B /* TMDBResponse.swift */; };
		3EE1E8242D8E80DE00681B6B /* TMDBEndpoint.swift in Sources */ = {isa = PBXBuildFile; fileRef = 3EE1E8232D8E80DE00681B6B /* TMDBEndpoint.swift */; };
		3EE1E82A2D8E82AF00681B6B /* Config.swift in Sources */ = {isa = PBXBuildFile; fileRef = 3EE1E8292D8E82AF00681B6B /* Config.swift */; };
		3EE1E82C2D8E83CA00681B6B /* TMDBRequest.swift in Sources */ = {isa = PBXBuildFile; fileRef = 3EE1E82B2D8E83CA00681B6B /* TMDBRequest.swift */; };
		3EE1E82E2D8E846000681B6B /* NetworkManager.swift in Sources */ = {isa = PBXBuildFile; fileRef = 3EE1E82D2D8E846000681B6B /* NetworkManager.swift */; };
		3EE1E8302D8E852000681B6B /* Reusable.swift in Sources */ = {isa = PBXBuildFile; fileRef = 3EE1E82F2D8E852000681B6B /* Reusable.swift */; };
		3EE1E8322D8E8ECE00681B6B /* Coordinator.swift in Sources */ = {isa = PBXBuildFile; fileRef = 3EE1E8312D8E8ECE00681B6B /* Coordinator.swift */; };
		3EE1E83E2D8E9BB200681B6B /* Genre.swift in Sources */ = {isa = PBXBuildFile; fileRef = 3EE1E83D2D8E9BB200681B6B /* Genre.swift */; };
		3EE1E8402D8E9D7C00681B6B /* OnboardingCoordinator.swift in Sources */ = {isa = PBXBuildFile; fileRef = 3EE1E83F2D8E9D7C00681B6B /* OnboardingCoordinator.swift */; };
		3EE1E8472D8E9E6100681B6B /* GenreCell.swift in Sources */ = {isa = PBXBuildFile; fileRef = 3EE1E8442D8E9E6100681B6B /* GenreCell.swift */; };
		3EE1E8482D8E9E6100681B6B /* NameInputViewController.swift in Sources */ = {isa = PBXBuildFile; fileRef = 3EE1E8462D8E9E6100681B6B /* NameInputViewController.swift */; };
		3EE1E8492D8E9E6100681B6B /* GenreSelectionViewController.swift in Sources */ = {isa = PBXBuildFile; fileRef = 3EE1E8452D8E9E6100681B6B /* GenreSelectionViewController.swift */; };
		3EE1E84B2D8E9E8100681B6B /* GenreSelectionViewModel.swift in Sources */ = {isa = PBXBuildFile; fileRef = 3EE1E84A2D8E9E8100681B6B /* GenreSelectionViewModel.swift */; };
		3EE1E84F2D8E9F4600681B6B /* NameInputViewModel.swift in Sources */ = {isa = PBXBuildFile; fileRef = 3EE1E84E2D8E9F4600681B6B /* NameInputViewModel.swift */; };
		3EE1E8522D8EEB7B00681B6B /* MainCoordinator.swift in Sources */ = {isa = PBXBuildFile; fileRef = 3EE1E8512D8EEB7B00681B6B /* MainCoordinator.swift */; };
		3EE1E8572D8EEFE400681B6B /* TopRatedCell.swift in Sources */ = {isa = PBXBuildFile; fileRef = 3EE1E8562D8EEFE400681B6B /* TopRatedCell.swift */; };
		3EE1E85B2D8EF1BE00681B6B /* MainViewController.swift in Sources */ = {isa = PBXBuildFile; fileRef = 3EE1E85A2D8EF1BE00681B6B /* MainViewController.swift */; };
		3EE1E85E2D8F01DF00681B6B /* MainViewModel.swift in Sources */ = {isa = PBXBuildFile; fileRef = 3EE1E85D2D8F01DF00681B6B /* MainViewModel.swift */; };
		AEF04AC62D8E94C8001D3274 /* APIKey.swift in Sources */ = {isa = PBXBuildFile; fileRef = AEF04AC52D8E94C8001D3274 /* APIKey.swift */; };
		AEF04B1A2D8E9919001D3274 /* DramaTable.swift in Sources */ = {isa = PBXBuildFile; fileRef = AEF04B192D8E9919001D3274 /* DramaTable.swift */; };
		AEF04B802D8EE82D001D3274 /* RealmRepository.swift in Sources */ = {isa = PBXBuildFile; fileRef = AEF04B7F2D8EE82D001D3274 /* RealmRepository.swift */; };
		AEF04B822D8EE959001D3274 /* RealmDramaRepository.swift in Sources */ = {isa = PBXBuildFile; fileRef = AEF04B812D8EE959001D3274 /* RealmDramaRepository.swift */; };
		AEF04B842D8EF0E0001D3274 /* ProgressBar.swift in Sources */ = {isa = PBXBuildFile; fileRef = AEF04B832D8EF0E0001D3274 /* ProgressBar.swift */; };
		AEF04C2F2D8F0E63001D3274 /* APIKey.swift in Sources */ = {isa = PBXBuildFile; fileRef = AEF04C2E2D8F0E63001D3274 /* APIKey.swift */; };
		AEF04C342D8FCD7F001D3274 /* DramaView.swift in Sources */ = {isa = PBXBuildFile; fileRef = AEF04C332D8FCD7F001D3274 /* DramaView.swift */; };
		AEF04C362D8FCD8A001D3274 /* DramaViewController.swift in Sources */ = {isa = PBXBuildFile; fileRef = AEF04C352D8FCD8A001D3274 /* DramaViewController.swift */; };
		AEF04C382D8FCD95001D3274 /* DramaViewModel.swift in Sources */ = {isa = PBXBuildFile; fileRef = AEF04C372D8FCD95001D3274 /* DramaViewModel.swift */; };
		AEF04CD92D8FD982001D3274 /* DramaEpisodeCell.swift in Sources */ = {isa = PBXBuildFile; fileRef = AEF04CD82D8FD982001D3274 /* DramaEpisodeCell.swift */; };
		AEF04CDB2D8FE9B9001D3274 /* DramaHeaderCell.swift in Sources */ = {isa = PBXBuildFile; fileRef = AEF04CDA2D8FE9B9001D3274 /* DramaHeaderCell.swift */; };
		AEF04DA42D9002DD001D3274 /* EpisodeViewController.swift in Sources */ = {isa = PBXBuildFile; fileRef = AEF04DA32D9002DD001D3274 /* EpisodeViewController.swift */; };
		AEF04DA62D9002E8001D3274 /* EpisodeView.swift in Sources */ = {isa = PBXBuildFile; fileRef = AEF04DA52D9002E8001D3274 /* EpisodeView.swift */; };
		AEF04DA82D9002FC001D3274 /* EpisodeViewModel.swift in Sources */ = {isa = PBXBuildFile; fileRef = AEF04DA72D9002FC001D3274 /* EpisodeViewModel.swift */; };
		AEF04DAA2D90130C001D3274 /* EpisodeHeaderCell.swift in Sources */ = {isa = PBXBuildFile; fileRef = AEF04DA92D90130C001D3274 /* EpisodeHeaderCell.swift */; };
		AEF04DAC2D901329001D3274 /* EpisodeButtonCell.swift in Sources */ = {isa = PBXBuildFile; fileRef = AEF04DAB2D901329001D3274 /* EpisodeButtonCell.swift */; };
		AEF04DAE2D901334001D3274 /* EpisodeCell.swift in Sources */ = {isa = PBXBuildFile; fileRef = AEF04DAD2D901334001D3274 /* EpisodeCell.swift */; };
		D00926A02D8E748100A10742 /* StreamifyColor.swift in Sources */ = {isa = PBXBuildFile; fileRef = D009269F2D8E748100A10742 /* StreamifyColor.swift */; };
		D00926A22D8E74A200A10742 /* StreamifyFont.swift in Sources */ = {isa = PBXBuildFile; fileRef = D00926A12D8E74A200A10742 /* StreamifyFont.swift */; };
		D00926A42D8E74E400A10742 /* StreamifySymbol.swift in Sources */ = {isa = PBXBuildFile; fileRef = D00926A32D8E74E400A10742 /* StreamifySymbol.swift */; };
		D00926F72D8E998A00A10742 /* VerticalListView.swift in Sources */ = {isa = PBXBuildFile; fileRef = D00926F62D8E998A00A10742 /* VerticalListView.swift */; };
		D00926F92D8E99CE00A10742 /* StarRatingStorageViewController.swift in Sources */ = {isa = PBXBuildFile; fileRef = D00926F82D8E99CE00A10742 /* StarRatingStorageViewController.swift */; };
		D00926FB2D8E99EC00A10742 /* StarRatingStorageView.swift in Sources */ = {isa = PBXBuildFile; fileRef = D00926FA2D8E99EC00A10742 /* StarRatingStorageView.swift */; };
		D00926FD2D8E9A0400A10742 /* StarRatingStorageViewModel.swift in Sources */ = {isa = PBXBuildFile; fileRef = D00926FC2D8E9A0400A10742 /* StarRatingStorageViewModel.swift */; };
		D00926FF2D8E9B8100A10742 /* StarRatingStorageCollectionViewCell.swift in Sources */ = {isa = PBXBuildFile; fileRef = D00926FE2D8E9B8100A10742 /* StarRatingStorageCollectionViewCell.swift */; };
		D00927052D8EE65000A10742 /* BaseLabel.swift in Sources */ = {isa = PBXBuildFile; fileRef = D00927042D8EE65000A10742 /* BaseLabel.swift */; };
		D00927072D8EE72C00A10742 /* StorageViewController.swift in Sources */ = {isa = PBXBuildFile; fileRef = D00927062D8EE72C00A10742 /* StorageViewController.swift */; };
		D00927092D8EE77A00A10742 /* ActionButton.swift in Sources */ = {isa = PBXBuildFile; fileRef = D00927082D8EE77A00A10742 /* ActionButton.swift */; };
		D009270B2D8EEBCD00A10742 /* StorageView.swift in Sources */ = {isa = PBXBuildFile; fileRef = D009270A2D8EEBCD00A10742 /* StorageView.swift */; };
		D009279D2D8EF26800A10742 /* CompositionalListView.swift in Sources */ = {isa = PBXBuildFile; fileRef = D009279C2D8EF26800A10742 /* CompositionalListView.swift */; };
		D009279F2D8EF2F800A10742 /* CompositionalHeaderReusableView.swift in Sources */ = {isa = PBXBuildFile; fileRef = D009279E2D8EF2F800A10742 /* CompositionalHeaderReusableView.swift */; };
		D00927A12D8EF41C00A10742 /* StorageCollectionViewCell.swift in Sources */ = {isa = PBXBuildFile; fileRef = D00927A02D8EF41C00A10742 /* StorageCollectionViewCell.swift */; };
		D00927A32D8EF47F00A10742 /* BaseImageView.swift in Sources */ = {isa = PBXBuildFile; fileRef = D00927A22D8EF47F00A10742 /* BaseImageView.swift */; };
		D00927A62D8EF52300A10742 /* Differentiator in Frameworks */ = {isa = PBXBuildFile; productRef = D00927A52D8EF52300A10742 /* Differentiator */; };
		D00927A82D8EF52300A10742 /* RxDataSources in Frameworks */ = {isa = PBXBuildFile; productRef = D00927A72D8EF52300A10742 /* RxDataSources */; };
		D00927AA2D8F072600A10742 /* UIView+Extension.swift in Sources */ = {isa = PBXBuildFile; fileRef = D00927A92D8F072600A10742 /* UIView+Extension.swift */; };
		D009283A2D8FB1BF00A10742 /* UIStackView + Extension.swift in Sources */ = {isa = PBXBuildFile; fileRef = D00928392D8FB1BF00A10742 /* UIStackView + Extension.swift */; };
		D009283C2D8FB20F00A10742 /* StorageViewModel.swift in Sources */ = {isa = PBXBuildFile; fileRef = D009283B2D8FB20F00A10742 /* StorageViewModel.swift */; };
		D00928772D8FF30C00A10742 /* CommentView.swift in Sources */ = {isa = PBXBuildFile; fileRef = D00928762D8FF30C00A10742 /* CommentView.swift */; };
		D00928792D8FF31C00A10742 /* CommentViewController.swift in Sources */ = {isa = PBXBuildFile; fileRef = D00928782D8FF31C00A10742 /* CommentViewController.swift */; };
		D009287B2D8FF32D00A10742 /* CommentViewModel.swift in Sources */ = {isa = PBXBuildFile; fileRef = D009287A2D8FF32D00A10742 /* CommentViewModel.swift */; };
		D037370A2D8C2AD9006CED4A /* .gitignore in Resources */ = {isa = PBXBuildFile; fileRef = D03737092D8C2AD9006CED4A /* .gitignore */; };
		D03737C12D8C33CD006CED4A /* AppDelegate.swift in Sources */ = {isa = PBXBuildFile; fileRef = D03737B92D8C33CD006CED4A /* AppDelegate.swift */; };
		D03737C22D8C33CD006CED4A /* SceneDelegate.swift in Sources */ = {isa = PBXBuildFile; fileRef = D03737BE2D8C33CD006CED4A /* SceneDelegate.swift */; };
		D03737C32D8C33CD006CED4A /* ViewController.swift in Sources */ = {isa = PBXBuildFile; fileRef = D03737BF2D8C33CD006CED4A /* ViewController.swift */; };
		D03737C42D8C33CD006CED4A /* Assets.xcassets in Resources */ = {isa = PBXBuildFile; fileRef = D03737BA2D8C33CD006CED4A /* Assets.xcassets */; };
		D03737C62D8C33CD006CED4A /* LaunchScreen.storyboard in Resources */ = {isa = PBXBuildFile; fileRef = D03737BD2D8C33CD006CED4A /* LaunchScreen.storyboard */; };
		D03737DE2D8C34ED006CED4A /* empty3 in Resources */ = {isa = PBXBuildFile; fileRef = D03737DD2D8C34ED006CED4A /* empty3 */; };
		D09E0DBF2D8C3748004EEC6C /* BaseView.swift in Sources */ = {isa = PBXBuildFile; fileRef = D09E0DBE2D8C3748004EEC6C /* BaseView.swift */; };
		D09E0DC12D8C3763004EEC6C /* BaseCollectionViewCell.swift in Sources */ = {isa = PBXBuildFile; fileRef = D09E0DC02D8C3763004EEC6C /* BaseCollectionViewCell.swift */; };
		D09E0E552D8C3805004EEC6C /* BaseTableViewCell.swift in Sources */ = {isa = PBXBuildFile; fileRef = D09E0E542D8C3805004EEC6C /* BaseTableViewCell.swift */; };
		D09E0EE62D8C3F32004EEC6C /* RxCocoa in Frameworks */ = {isa = PBXBuildFile; productRef = D09E0EE52D8C3F32004EEC6C /* RxCocoa */; };
		D09E0EE82D8C3F32004EEC6C /* RxSwift in Frameworks */ = {isa = PBXBuildFile; productRef = D09E0EE72D8C3F32004EEC6C /* RxSwift */; };
		D09E0EEB2D8C3F44004EEC6C /* SnapKit in Frameworks */ = {isa = PBXBuildFile; productRef = D09E0EEA2D8C3F44004EEC6C /* SnapKit */; };
		D09E0EEE2D8C3FB5004EEC6C /* RealmSwift in Frameworks */ = {isa = PBXBuildFile; productRef = D09E0EED2D8C3FB5004EEC6C /* RealmSwift */; };
		D09E0EEF2D8C3FC3004EEC6C /* RealmSwift in Embed Frameworks */ = {isa = PBXBuildFile; productRef = D09E0EED2D8C3FB5004EEC6C /* RealmSwift */; settings = {ATTRIBUTES = (CodeSignOnCopy, ); }; };
		D09E0EF22D8C445F004EEC6C /* BaseViewController.swift in Sources */ = {isa = PBXBuildFile; fileRef = D09E0EF12D8C445F004EEC6C /* BaseViewController.swift */; };
		D09E0EF42D8C44D5004EEC6C /* ViewControllerType.swift in Sources */ = {isa = PBXBuildFile; fileRef = D09E0EF32D8C44D5004EEC6C /* ViewControllerType.swift */; };
		D09E0EF62D8C4561004EEC6C /* BaseViewModel.swift in Sources */ = {isa = PBXBuildFile; fileRef = D09E0EF52D8C4561004EEC6C /* BaseViewModel.swift */; };
		D09E0EF82D8C45A1004EEC6C /* ViewModelType.swift in Sources */ = {isa = PBXBuildFile; fileRef = D09E0EF72D8C45A1004EEC6C /* ViewModelType.swift */; };
		D09E18312D8D79FF004EEC6C /* StarRatingView.swift in Sources */ = {isa = PBXBuildFile; fileRef = D09E18302D8D79FF004EEC6C /* StarRatingView.swift */; };
		D09E18342D8D7A1D004EEC6C /* Cosmos in Frameworks */ = {isa = PBXBuildFile; productRef = D09E18332D8D7A1D004EEC6C /* Cosmos */; };
/* End PBXBuildFile section */

/* Begin PBXCopyFilesBuildPhase section */
		D09E0EF02D8C3FC3004EEC6C /* Embed Frameworks */ = {
			isa = PBXCopyFilesBuildPhase;
			buildActionMask = 2147483647;
			dstPath = "";
			dstSubfolderSpec = 10;
			files = (
				D09E0EEF2D8C3FC3004EEC6C /* RealmSwift in Embed Frameworks */,
			);
			name = "Embed Frameworks";
			runOnlyForDeploymentPostprocessing = 0;
		};
/* End PBXCopyFilesBuildPhase section */

/* Begin PBXFileReference section */
		3EE1E8212D8E7FF400681B6B /* TMDBResponse.swift */ = {isa = PBXFileReference; lastKnownFileType = sourcecode.swift; path = TMDBResponse.swift; sourceTree = "<group>"; };
		3EE1E8232D8E80DE00681B6B /* TMDBEndpoint.swift */ = {isa = PBXFileReference; lastKnownFileType = sourcecode.swift; path = TMDBEndpoint.swift; sourceTree = "<group>"; };
		3EE1E8292D8E82AF00681B6B /* Config.swift */ = {isa = PBXFileReference; lastKnownFileType = sourcecode.swift; path = Config.swift; sourceTree = "<group>"; };
		3EE1E82B2D8E83CA00681B6B /* TMDBRequest.swift */ = {isa = PBXFileReference; lastKnownFileType = sourcecode.swift; path = TMDBRequest.swift; sourceTree = "<group>"; };
		3EE1E82D2D8E846000681B6B /* NetworkManager.swift */ = {isa = PBXFileReference; lastKnownFileType = sourcecode.swift; path = NetworkManager.swift; sourceTree = "<group>"; };
		3EE1E82F2D8E852000681B6B /* Reusable.swift */ = {isa = PBXFileReference; lastKnownFileType = sourcecode.swift; path = Reusable.swift; sourceTree = "<group>"; };
		3EE1E8312D8E8ECE00681B6B /* Coordinator.swift */ = {isa = PBXFileReference; lastKnownFileType = sourcecode.swift; path = Coordinator.swift; sourceTree = "<group>"; };
		3EE1E83D2D8E9BB200681B6B /* Genre.swift */ = {isa = PBXFileReference; lastKnownFileType = sourcecode.swift; path = Genre.swift; sourceTree = "<group>"; };
		3EE1E83F2D8E9D7C00681B6B /* OnboardingCoordinator.swift */ = {isa = PBXFileReference; lastKnownFileType = sourcecode.swift; path = OnboardingCoordinator.swift; sourceTree = "<group>"; };
		3EE1E8442D8E9E6100681B6B /* GenreCell.swift */ = {isa = PBXFileReference; lastKnownFileType = sourcecode.swift; path = GenreCell.swift; sourceTree = "<group>"; };
		3EE1E8452D8E9E6100681B6B /* GenreSelectionViewController.swift */ = {isa = PBXFileReference; lastKnownFileType = sourcecode.swift; path = GenreSelectionViewController.swift; sourceTree = "<group>"; };
		3EE1E8462D8E9E6100681B6B /* NameInputViewController.swift */ = {isa = PBXFileReference; lastKnownFileType = sourcecode.swift; path = NameInputViewController.swift; sourceTree = "<group>"; };
		3EE1E84A2D8E9E8100681B6B /* GenreSelectionViewModel.swift */ = {isa = PBXFileReference; lastKnownFileType = sourcecode.swift; path = GenreSelectionViewModel.swift; sourceTree = "<group>"; };
		3EE1E84E2D8E9F4600681B6B /* NameInputViewModel.swift */ = {isa = PBXFileReference; lastKnownFileType = sourcecode.swift; path = NameInputViewModel.swift; sourceTree = "<group>"; };
		3EE1E8512D8EEB7B00681B6B /* MainCoordinator.swift */ = {isa = PBXFileReference; lastKnownFileType = sourcecode.swift; path = MainCoordinator.swift; sourceTree = "<group>"; };
		3EE1E8562D8EEFE400681B6B /* TopRatedCell.swift */ = {isa = PBXFileReference; lastKnownFileType = sourcecode.swift; path = TopRatedCell.swift; sourceTree = "<group>"; };
		3EE1E85A2D8EF1BE00681B6B /* MainViewController.swift */ = {isa = PBXFileReference; lastKnownFileType = sourcecode.swift; path = MainViewController.swift; sourceTree = "<group>"; };
		3EE1E85D2D8F01DF00681B6B /* MainViewModel.swift */ = {isa = PBXFileReference; lastKnownFileType = sourcecode.swift; path = MainViewModel.swift; sourceTree = "<group>"; };
		AEF04AC52D8E94C8001D3274 /* APIKey.swift */ = {isa = PBXFileReference; lastKnownFileType = sourcecode.swift; path = APIKey.swift; sourceTree = "<group>"; };
		AEF04B192D8E9919001D3274 /* DramaTable.swift */ = {isa = PBXFileReference; lastKnownFileType = sourcecode.swift; path = DramaTable.swift; sourceTree = "<group>"; };
		AEF04B7F2D8EE82D001D3274 /* RealmRepository.swift */ = {isa = PBXFileReference; lastKnownFileType = sourcecode.swift; path = RealmRepository.swift; sourceTree = "<group>"; };
		AEF04B812D8EE959001D3274 /* RealmDramaRepository.swift */ = {isa = PBXFileReference; lastKnownFileType = sourcecode.swift; path = RealmDramaRepository.swift; sourceTree = "<group>"; };
		AEF04B832D8EF0E0001D3274 /* ProgressBar.swift */ = {isa = PBXFileReference; lastKnownFileType = sourcecode.swift; path = ProgressBar.swift; sourceTree = "<group>"; };
		AEF04C2E2D8F0E63001D3274 /* APIKey.swift */ = {isa = PBXFileReference; lastKnownFileType = sourcecode.swift; path = APIKey.swift; sourceTree = "<group>"; };
		AEF04C332D8FCD7F001D3274 /* DramaView.swift */ = {isa = PBXFileReference; lastKnownFileType = sourcecode.swift; path = DramaView.swift; sourceTree = "<group>"; };
		AEF04C352D8FCD8A001D3274 /* DramaViewController.swift */ = {isa = PBXFileReference; lastKnownFileType = sourcecode.swift; path = DramaViewController.swift; sourceTree = "<group>"; };
		AEF04C372D8FCD95001D3274 /* DramaViewModel.swift */ = {isa = PBXFileReference; lastKnownFileType = sourcecode.swift; path = DramaViewModel.swift; sourceTree = "<group>"; };
		AEF04CD82D8FD982001D3274 /* DramaEpisodeCell.swift */ = {isa = PBXFileReference; lastKnownFileType = sourcecode.swift; path = DramaEpisodeCell.swift; sourceTree = "<group>"; };
		AEF04CDA2D8FE9B9001D3274 /* DramaHeaderCell.swift */ = {isa = PBXFileReference; lastKnownFileType = sourcecode.swift; path = DramaHeaderCell.swift; sourceTree = "<group>"; };
		AEF04DA32D9002DD001D3274 /* EpisodeViewController.swift */ = {isa = PBXFileReference; lastKnownFileType = sourcecode.swift; path = EpisodeViewController.swift; sourceTree = "<group>"; };
		AEF04DA52D9002E8001D3274 /* EpisodeView.swift */ = {isa = PBXFileReference; lastKnownFileType = sourcecode.swift; path = EpisodeView.swift; sourceTree = "<group>"; };
		AEF04DA72D9002FC001D3274 /* EpisodeViewModel.swift */ = {isa = PBXFileReference; lastKnownFileType = sourcecode.swift; path = EpisodeViewModel.swift; sourceTree = "<group>"; };
		AEF04DA92D90130C001D3274 /* EpisodeHeaderCell.swift */ = {isa = PBXFileReference; lastKnownFileType = sourcecode.swift; path = EpisodeHeaderCell.swift; sourceTree = "<group>"; };
		AEF04DAB2D901329001D3274 /* EpisodeButtonCell.swift */ = {isa = PBXFileReference; lastKnownFileType = sourcecode.swift; path = EpisodeButtonCell.swift; sourceTree = "<group>"; };
		AEF04DAD2D901334001D3274 /* EpisodeCell.swift */ = {isa = PBXFileReference; lastKnownFileType = sourcecode.swift; path = EpisodeCell.swift; sourceTree = "<group>"; };
		D009269F2D8E748100A10742 /* StreamifyColor.swift */ = {isa = PBXFileReference; lastKnownFileType = sourcecode.swift; path = StreamifyColor.swift; sourceTree = "<group>"; };
		D00926A12D8E74A200A10742 /* StreamifyFont.swift */ = {isa = PBXFileReference; lastKnownFileType = sourcecode.swift; path = StreamifyFont.swift; sourceTree = "<group>"; };
		D00926A32D8E74E400A10742 /* StreamifySymbol.swift */ = {isa = PBXFileReference; lastKnownFileType = sourcecode.swift; path = StreamifySymbol.swift; sourceTree = "<group>"; };
		D00926F62D8E998A00A10742 /* VerticalListView.swift */ = {isa = PBXFileReference; lastKnownFileType = sourcecode.swift; path = VerticalListView.swift; sourceTree = "<group>"; };
		D00926F82D8E99CE00A10742 /* StarRatingStorageViewController.swift */ = {isa = PBXFileReference; lastKnownFileType = sourcecode.swift; path = StarRatingStorageViewController.swift; sourceTree = "<group>"; };
		D00926FA2D8E99EC00A10742 /* StarRatingStorageView.swift */ = {isa = PBXFileReference; lastKnownFileType = sourcecode.swift; path = StarRatingStorageView.swift; sourceTree = "<group>"; };
		D00926FC2D8E9A0400A10742 /* StarRatingStorageViewModel.swift */ = {isa = PBXFileReference; lastKnownFileType = sourcecode.swift; path = StarRatingStorageViewModel.swift; sourceTree = "<group>"; };
		D00926FE2D8E9B8100A10742 /* StarRatingStorageCollectionViewCell.swift */ = {isa = PBXFileReference; lastKnownFileType = sourcecode.swift; path = StarRatingStorageCollectionViewCell.swift; sourceTree = "<group>"; };
		D00927042D8EE65000A10742 /* BaseLabel.swift */ = {isa = PBXFileReference; lastKnownFileType = sourcecode.swift; path = BaseLabel.swift; sourceTree = "<group>"; };
		D00927062D8EE72C00A10742 /* StorageViewController.swift */ = {isa = PBXFileReference; lastKnownFileType = sourcecode.swift; path = StorageViewController.swift; sourceTree = "<group>"; };
		D00927082D8EE77A00A10742 /* ActionButton.swift */ = {isa = PBXFileReference; lastKnownFileType = sourcecode.swift; path = ActionButton.swift; sourceTree = "<group>"; };
		D009270A2D8EEBCD00A10742 /* StorageView.swift */ = {isa = PBXFileReference; lastKnownFileType = sourcecode.swift; path = StorageView.swift; sourceTree = "<group>"; };
		D009279C2D8EF26800A10742 /* CompositionalListView.swift */ = {isa = PBXFileReference; lastKnownFileType = sourcecode.swift; path = CompositionalListView.swift; sourceTree = "<group>"; };
		D009279E2D8EF2F800A10742 /* CompositionalHeaderReusableView.swift */ = {isa = PBXFileReference; lastKnownFileType = sourcecode.swift; path = CompositionalHeaderReusableView.swift; sourceTree = "<group>"; };
		D00927A02D8EF41C00A10742 /* StorageCollectionViewCell.swift */ = {isa = PBXFileReference; lastKnownFileType = sourcecode.swift; path = StorageCollectionViewCell.swift; sourceTree = "<group>"; };
		D00927A22D8EF47F00A10742 /* BaseImageView.swift */ = {isa = PBXFileReference; lastKnownFileType = sourcecode.swift; path = BaseImageView.swift; sourceTree = "<group>"; };
		D00927A92D8F072600A10742 /* UIView+Extension.swift */ = {isa = PBXFileReference; lastKnownFileType = sourcecode.swift; path = "UIView+Extension.swift"; sourceTree = "<group>"; };
		D00928392D8FB1BF00A10742 /* UIStackView + Extension.swift */ = {isa = PBXFileReference; lastKnownFileType = sourcecode.swift; path = "UIStackView + Extension.swift"; sourceTree = "<group>"; };
		D009283B2D8FB20F00A10742 /* StorageViewModel.swift */ = {isa = PBXFileReference; lastKnownFileType = sourcecode.swift; path = StorageViewModel.swift; sourceTree = "<group>"; };
		D00928762D8FF30C00A10742 /* CommentView.swift */ = {isa = PBXFileReference; lastKnownFileType = sourcecode.swift; path = CommentView.swift; sourceTree = "<group>"; };
		D00928782D8FF31C00A10742 /* CommentViewController.swift */ = {isa = PBXFileReference; lastKnownFileType = sourcecode.swift; path = CommentViewController.swift; sourceTree = "<group>"; };
		D009287A2D8FF32D00A10742 /* CommentViewModel.swift */ = {isa = PBXFileReference; lastKnownFileType = sourcecode.swift; path = CommentViewModel.swift; sourceTree = "<group>"; };
		D03736F12D8C2AC9006CED4A /* Streamify.app */ = {isa = PBXFileReference; explicitFileType = wrapper.application; includeInIndex = 0; path = Streamify.app; sourceTree = BUILT_PRODUCTS_DIR; };
		D03737092D8C2AD9006CED4A /* .gitignore */ = {isa = PBXFileReference; lastKnownFileType = text; path = .gitignore; sourceTree = "<group>"; };
		D03737B92D8C33CD006CED4A /* AppDelegate.swift */ = {isa = PBXFileReference; lastKnownFileType = sourcecode.swift; path = AppDelegate.swift; sourceTree = "<group>"; };
		D03737BA2D8C33CD006CED4A /* Assets.xcassets */ = {isa = PBXFileReference; lastKnownFileType = folder.assetcatalog; path = Assets.xcassets; sourceTree = "<group>"; };
		D03737BB2D8C33CD006CED4A /* Info.plist */ = {isa = PBXFileReference; lastKnownFileType = text.plist.xml; path = Info.plist; sourceTree = "<group>"; };
		D03737BC2D8C33CD006CED4A /* Base */ = {isa = PBXFileReference; lastKnownFileType = file.storyboard; name = Base; path = Base.lproj/LaunchScreen.storyboard; sourceTree = "<group>"; };
		D03737BE2D8C33CD006CED4A /* SceneDelegate.swift */ = {isa = PBXFileReference; lastKnownFileType = sourcecode.swift; path = SceneDelegate.swift; sourceTree = "<group>"; };
		D03737BF2D8C33CD006CED4A /* ViewController.swift */ = {isa = PBXFileReference; lastKnownFileType = sourcecode.swift; path = ViewController.swift; sourceTree = "<group>"; };
		D03737DD2D8C34ED006CED4A /* empty3 */ = {isa = PBXFileReference; lastKnownFileType = text; path = empty3; sourceTree = "<group>"; };
		D09E0DBE2D8C3748004EEC6C /* BaseView.swift */ = {isa = PBXFileReference; lastKnownFileType = sourcecode.swift; path = BaseView.swift; sourceTree = "<group>"; };
		D09E0DC02D8C3763004EEC6C /* BaseCollectionViewCell.swift */ = {isa = PBXFileReference; lastKnownFileType = sourcecode.swift; path = BaseCollectionViewCell.swift; sourceTree = "<group>"; };
		D09E0E542D8C3805004EEC6C /* BaseTableViewCell.swift */ = {isa = PBXFileReference; lastKnownFileType = sourcecode.swift; path = BaseTableViewCell.swift; sourceTree = "<group>"; };
		D09E0EF12D8C445F004EEC6C /* BaseViewController.swift */ = {isa = PBXFileReference; lastKnownFileType = sourcecode.swift; path = BaseViewController.swift; sourceTree = "<group>"; };
		D09E0EF32D8C44D5004EEC6C /* ViewControllerType.swift */ = {isa = PBXFileReference; lastKnownFileType = sourcecode.swift; name = ViewControllerType.swift; path = Streamify/Core/ViewControllerType.swift; sourceTree = SOURCE_ROOT; };
		D09E0EF52D8C4561004EEC6C /* BaseViewModel.swift */ = {isa = PBXFileReference; lastKnownFileType = sourcecode.swift; path = BaseViewModel.swift; sourceTree = "<group>"; };
		D09E0EF72D8C45A1004EEC6C /* ViewModelType.swift */ = {isa = PBXFileReference; lastKnownFileType = sourcecode.swift; path = ViewModelType.swift; sourceTree = "<group>"; };
		D09E18302D8D79FF004EEC6C /* StarRatingView.swift */ = {isa = PBXFileReference; lastKnownFileType = sourcecode.swift; path = StarRatingView.swift; sourceTree = "<group>"; };
/* End PBXFileReference section */

/* Begin PBXFrameworksBuildPhase section */
		D03736EE2D8C2AC9006CED4A /* Frameworks */ = {
			isa = PBXFrameworksBuildPhase;
			buildActionMask = 2147483647;
			files = (
				D09E18342D8D7A1D004EEC6C /* Cosmos in Frameworks */,
				D09E0EEE2D8C3FB5004EEC6C /* RealmSwift in Frameworks */,
				D09E0EEB2D8C3F44004EEC6C /* SnapKit in Frameworks */,
				D09E0EE82D8C3F32004EEC6C /* RxSwift in Frameworks */,
				D00927A82D8EF52300A10742 /* RxDataSources in Frameworks */,
				D00927A62D8EF52300A10742 /* Differentiator in Frameworks */,
				D09E0EE62D8C3F32004EEC6C /* RxCocoa in Frameworks */,
			);
			runOnlyForDeploymentPostprocessing = 0;
		};
/* End PBXFrameworksBuildPhase section */

/* Begin PBXGroup section */
		3EE1E8412D8E9DF200681B6B /* Onboarding */ = {
			isa = PBXGroup;
			children = (
				3EE1E8422D8E9E0100681B6B /* View */,
				3EE1E8432D8E9E1300681B6B /* ViewModel */,
			);
			path = Onboarding;
			sourceTree = "<group>";
		};
		3EE1E8422D8E9E0100681B6B /* View */ = {
			isa = PBXGroup;
			children = (
				3EE1E8442D8E9E6100681B6B /* GenreCell.swift */,
				3EE1E8452D8E9E6100681B6B /* GenreSelectionViewController.swift */,
				3EE1E8462D8E9E6100681B6B /* NameInputViewController.swift */,
			);
			path = View;
			sourceTree = "<group>";
		};
		3EE1E8432D8E9E1300681B6B /* ViewModel */ = {
			isa = PBXGroup;
			children = (
				3EE1E84A2D8E9E8100681B6B /* GenreSelectionViewModel.swift */,
				3EE1E84E2D8E9F4600681B6B /* NameInputViewModel.swift */,
			);
			path = ViewModel;
			sourceTree = "<group>";
		};
		3EE1E8542D8EEFAA00681B6B /* Main */ = {
			isa = PBXGroup;
			children = (
				3EE1E8552D8EEFDD00681B6B /* View */,
				3EE1E85C2D8F01C700681B6B /* ViewModel */,
			);
			path = Main;
			sourceTree = "<group>";
		};
		3EE1E8552D8EEFDD00681B6B /* View */ = {
			isa = PBXGroup;
			children = (
				3EE1E8562D8EEFE400681B6B /* TopRatedCell.swift */,
				3EE1E85A2D8EF1BE00681B6B /* MainViewController.swift */,
				);
			path = View;
			sourceTree = "<group>";
		};
		AEF04C302D8FCD61001D3274 /* DetailDrama */ = {
			isa = PBXGroup;
			children = (
				AEF04C322D8FCD72001D3274 /* ViewModel */,
				AEF04C312D8FCD6A001D3274 /* View */,
			);
			path = DetailDrama;
			sourceTree = "<group>";
		};
		AEF04C312D8FCD6A001D3274 /* View */ = {
			isa = PBXGroup;
			children = (
				AEF04C332D8FCD7F001D3274 /* DramaView.swift */,
				AEF04C352D8FCD8A001D3274 /* DramaViewController.swift */,
				AEF04CD82D8FD982001D3274 /* DramaEpisodeCell.swift */,
				AEF04CDA2D8FE9B9001D3274 /* DramaHeaderCell.swift */,
			);
			path = View;
			sourceTree = "<group>";
		};
		3EE1E85C2D8F01C700681B6B /* ViewModel */ = {
			isa = PBXGroup;
			children = (
				3EE1E85D2D8F01DF00681B6B /* MainViewModel.swift */,
				);
			path = ViewModel;
			sourceTree = "<group>";
		};
		AEF04C322D8FCD72001D3274 /* ViewModel */ = {
			isa = PBXGroup;
			children = (
				AEF04C372D8FCD95001D3274 /* DramaViewModel.swift */,
			);
			path = ViewModel;
			sourceTree = "<group>";
		};
		AEF04DA02D9002B2001D3274 /* DetailEpisode */ = {
			isa = PBXGroup;
			children = (
				AEF04DA22D9002C9001D3274 /* ViewModel */,
				AEF04DA12D9002C5001D3274 /* View */,
			);
			path = DetailEpisode;
			sourceTree = "<group>";
		};
		AEF04DA12D9002C5001D3274 /* View */ = {
			isa = PBXGroup;
			children = (
				AEF04DA32D9002DD001D3274 /* EpisodeViewController.swift */,
				AEF04DA52D9002E8001D3274 /* EpisodeView.swift */,
				AEF04DA92D90130C001D3274 /* EpisodeHeaderCell.swift */,
				AEF04DAB2D901329001D3274 /* EpisodeButtonCell.swift */,
				AEF04DAD2D901334001D3274 /* EpisodeCell.swift */,
			);
			path = View;
			sourceTree = "<group>";
		};
		AEF04DA22D9002C9001D3274 /* ViewModel */ = {
			isa = PBXGroup;
			children = (
				AEF04DA72D9002FC001D3274 /* EpisodeViewModel.swift */,
			);
			path = ViewModel;
			sourceTree = "<group>";
		};
		D009269E2D8E742300A10742 /* Designs */ = {
			isa = PBXGroup;
			children = (
				D009269F2D8E748100A10742 /* StreamifyColor.swift */,
				D00926A12D8E74A200A10742 /* StreamifyFont.swift */,
				D00926A32D8E74E400A10742 /* StreamifySymbol.swift */,
			);
			path = Designs;
			sourceTree = "<group>";
		};
		D00926A52D8E7DF300A10742 /* Coordinator */ = {
			isa = PBXGroup;
			children = (
				3EE1E8312D8E8ECE00681B6B /* Coordinator.swift */,
				3EE1E83F2D8E9D7C00681B6B /* OnboardingCoordinator.swift */,
				3EE1E8512D8EEB7B00681B6B /* MainCoordinator.swift */,
			);
			path = Coordinator;
			sourceTree = "<group>";
		};
		D00926F42D8E98DA00A10742 /* StorageBox */ = {
			isa = PBXGroup;
			children = (
				D00928732D8FF2CC00A10742 /* Comment */,
				D00927012D8EE49100A10742 /* Storage */,
				D00926F52D8E98F600A10742 /* StarRatingStorage */,
			);
			path = StorageBox;
			sourceTree = "<group>";
		};
		D00926F52D8E98F600A10742 /* StarRatingStorage */ = {
			isa = PBXGroup;
			children = (
				D00926F82D8E99CE00A10742 /* StarRatingStorageViewController.swift */,
				D00926FA2D8E99EC00A10742 /* StarRatingStorageView.swift */,
				D00926FC2D8E9A0400A10742 /* StarRatingStorageViewModel.swift */,
				D00926FE2D8E9B8100A10742 /* StarRatingStorageCollectionViewCell.swift */,
			);
			path = StarRatingStorage;
			sourceTree = "<group>";
		};
		D00927012D8EE49100A10742 /* Storage */ = {
			isa = PBXGroup;
			children = (
				D00927032D8EE49E00A10742 /* ViewModel */,
				D00927022D8EE49800A10742 /* View */,
			);
			path = Storage;
			sourceTree = "<group>";
		};
		D00927022D8EE49800A10742 /* View */ = {
			isa = PBXGroup;
			children = (
				D00927062D8EE72C00A10742 /* StorageViewController.swift */,
				D009270A2D8EEBCD00A10742 /* StorageView.swift */,
				D00927A02D8EF41C00A10742 /* StorageCollectionViewCell.swift */,
			);
			path = View;
			sourceTree = "<group>";
		};
		D00927032D8EE49E00A10742 /* ViewModel */ = {
			isa = PBXGroup;
			children = (
				D009283B2D8FB20F00A10742 /* StorageViewModel.swift */,
			);
			path = ViewModel;
			sourceTree = "<group>";
		};
		D00928732D8FF2CC00A10742 /* Comment */ = {
			isa = PBXGroup;
			children = (
				D00928752D8FF2F900A10742 /* ViewModel */,
				D00928742D8FF2F300A10742 /* View */,
			);
			path = Comment;
			sourceTree = "<group>";
		};
		D00928742D8FF2F300A10742 /* View */ = {
			isa = PBXGroup;
			children = (
				D00928762D8FF30C00A10742 /* CommentView.swift */,
				D00928782D8FF31C00A10742 /* CommentViewController.swift */,
			);
			path = View;
			sourceTree = "<group>";
		};
		D00928752D8FF2F900A10742 /* ViewModel */ = {
			isa = PBXGroup;
			children = (
				D009287A2D8FF32D00A10742 /* CommentViewModel.swift */,
			);
			path = ViewModel;
			sourceTree = "<group>";
		};
		D03736E82D8C2AC9006CED4A = {
			isa = PBXGroup;
			children = (
				AEF04C2E2D8F0E63001D3274 /* APIKey.swift */,
				D03737092D8C2AD9006CED4A /* .gitignore */,
				D03737C02D8C33CD006CED4A /* Streamify */,
				D03736F22D8C2AC9006CED4A /* Products */,
			);
			sourceTree = "<group>";
		};
		D03736F22D8C2AC9006CED4A /* Products */ = {
			isa = PBXGroup;
			children = (
				D03736F12D8C2AC9006CED4A /* Streamify.app */,
			);
			name = Products;
			sourceTree = "<group>";
		};
		D03737C02D8C33CD006CED4A /* Streamify */ = {
			isa = PBXGroup;
			children = (
				D03737C72D8C33D3006CED4A /* Application */,
				D03737C82D8C33EA006CED4A /* Core */,
				D03737C92D8C33F1006CED4A /* Feature */,
				D03737CA2D8C33F7006CED4A /* Resource */,
			);
			path = Streamify;
			sourceTree = "<group>";
		};
		D03737C72D8C33D3006CED4A /* Application */ = {
			isa = PBXGroup;
			children = (
				D00926A52D8E7DF300A10742 /* Coordinator */,
				D03737CE2D8C3442006CED4A /* Services */,
				D03737CD2D8C343C006CED4A /* Model */,
				D03737CC2D8C3436006CED4A /* DTO */,
				D03737B92D8C33CD006CED4A /* AppDelegate.swift */,
				D03737BD2D8C33CD006CED4A /* LaunchScreen.storyboard */,
				D03737BE2D8C33CD006CED4A /* SceneDelegate.swift */,
			);
			path = Application;
			sourceTree = "<group>";
		};
		D03737C82D8C33EA006CED4A /* Core */ = {
			isa = PBXGroup;
			children = (
				D03737D12D8C3485006CED4A /* Utilities */,
				D03737D02D8C3478006CED4A /* Extensions */,
				D03737CF2D8C3474006CED4A /* Base */,
			);
			path = Core;
			sourceTree = "<group>";
		};
		D03737C92D8C33F1006CED4A /* Feature */ = {
			isa = PBXGroup;
			children = (
				AEF04DA02D9002B2001D3274 /* DetailEpisode */,
				AEF04C302D8FCD61001D3274 /* DetailDrama */,
				3EE1E8412D8E9DF200681B6B /* Onboarding */,
				3EE1E8542D8EEFAA00681B6B /* Main */,
				D00926F42D8E98DA00A10742 /* StorageBox */,
				D03737BF2D8C33CD006CED4A /* ViewController.swift */,
			);
			path = Feature;
			sourceTree = "<group>";
		};
		D03737CA2D8C33F7006CED4A /* Resource */ = {
			isa = PBXGroup;
			children = (
				D03737BB2D8C33CD006CED4A /* Info.plist */,
				D03737BA2D8C33CD006CED4A /* Assets.xcassets */,
			);
			path = Resource;
			sourceTree = "<group>";
		};
		D03737CC2D8C3436006CED4A /* DTO */ = {
			isa = PBXGroup;
			children = (
				D03737DD2D8C34ED006CED4A /* empty3 */,
			);
			path = DTO;
			sourceTree = "<group>";
		};
		D03737CD2D8C343C006CED4A /* Model */ = {
			isa = PBXGroup;
			children = (
				AEF04B192D8E9919001D3274 /* DramaTable.swift */,
				3EE1E83D2D8E9BB200681B6B /* Genre.swift */,
			);
			path = Model;
			sourceTree = "<group>";
		};
		D03737CE2D8C3442006CED4A /* Services */ = {
			isa = PBXGroup;
			children = (
				3EE1E8292D8E82AF00681B6B /* Config.swift */,
				3EE1E8212D8E7FF400681B6B /* TMDBResponse.swift */,
				3EE1E8232D8E80DE00681B6B /* TMDBEndpoint.swift */,
				3EE1E82B2D8E83CA00681B6B /* TMDBRequest.swift */,
				3EE1E82D2D8E846000681B6B /* NetworkManager.swift */,
				AEF04B7F2D8EE82D001D3274 /* RealmRepository.swift */,
				AEF04B812D8EE959001D3274 /* RealmDramaRepository.swift */,
			);
			path = Services;
			sourceTree = "<group>";
		};
		D03737CF2D8C3474006CED4A /* Base */ = {
			isa = PBXGroup;
			children = (
				D09E0DBE2D8C3748004EEC6C /* BaseView.swift */,
				D09E0DC02D8C3763004EEC6C /* BaseCollectionViewCell.swift */,
				D09E0E542D8C3805004EEC6C /* BaseTableViewCell.swift */,
				D09E0EF12D8C445F004EEC6C /* BaseViewController.swift */,
				D09E0EF32D8C44D5004EEC6C /* ViewControllerType.swift */,
				D09E0EF52D8C4561004EEC6C /* BaseViewModel.swift */,
				D09E0EF72D8C45A1004EEC6C /* ViewModelType.swift */,
			);
			path = Base;
			sourceTree = "<group>";
		};
		D03737D02D8C3478006CED4A /* Extensions */ = {
			isa = PBXGroup;
			children = (
				3EE1E82F2D8E852000681B6B /* Reusable.swift */,
				D00927A92D8F072600A10742 /* UIView+Extension.swift */,
				D00928392D8FB1BF00A10742 /* UIStackView + Extension.swift */,
			);
			path = Extensions;
			sourceTree = "<group>";
		};
		D03737D12D8C3485006CED4A /* Utilities */ = {
			isa = PBXGroup;
			children = (
				D009269E2D8E742300A10742 /* Designs */,
				D09E182F2D8D79D9004EEC6C /* Components */,
			);
			path = Utilities;
			sourceTree = "<group>";
		};
		D09E182F2D8D79D9004EEC6C /* Components */ = {
			isa = PBXGroup;
			children = (
				D09E18302D8D79FF004EEC6C /* StarRatingView.swift */,
				AEF04B832D8EF0E0001D3274 /* ProgressBar.swift */,
				D00926F62D8E998A00A10742 /* VerticalListView.swift */,
				D00927042D8EE65000A10742 /* BaseLabel.swift */,
				D00927082D8EE77A00A10742 /* ActionButton.swift */,
				D009279C2D8EF26800A10742 /* CompositionalListView.swift */,
				D009279E2D8EF2F800A10742 /* CompositionalHeaderReusableView.swift */,
				D00927A22D8EF47F00A10742 /* BaseImageView.swift */,
			);
			path = Components;
			sourceTree = "<group>";
		};
/* End PBXGroup section */

/* Begin PBXNativeTarget section */
		D03736F02D8C2AC9006CED4A /* Streamify */ = {
			isa = PBXNativeTarget;
			buildConfigurationList = D03737042D8C2ACB006CED4A /* Build configuration list for PBXNativeTarget "Streamify" */;
			buildPhases = (
				D03736ED2D8C2AC9006CED4A /* Sources */,
				D03736EE2D8C2AC9006CED4A /* Frameworks */,
				D03736EF2D8C2AC9006CED4A /* Resources */,
				D09E0EF02D8C3FC3004EEC6C /* Embed Frameworks */,
			);
			buildRules = (
			);
			dependencies = (
			);
			name = Streamify;
			packageProductDependencies = (
				D09E0EE52D8C3F32004EEC6C /* RxCocoa */,
				D09E0EE72D8C3F32004EEC6C /* RxSwift */,
				D09E0EEA2D8C3F44004EEC6C /* SnapKit */,
				D09E0EED2D8C3FB5004EEC6C /* RealmSwift */,
				D09E18332D8D7A1D004EEC6C /* Cosmos */,
				D00927A52D8EF52300A10742 /* Differentiator */,
				D00927A72D8EF52300A10742 /* RxDataSources */,
			);
			productName = Streamify;
			productReference = D03736F12D8C2AC9006CED4A /* Streamify.app */;
			productType = "com.apple.product-type.application";
		};
/* End PBXNativeTarget section */

/* Begin PBXProject section */
		D03736E92D8C2AC9006CED4A /* Project object */ = {
			isa = PBXProject;
			attributes = {
				BuildIndependentTargetsInParallel = 1;
				LastSwiftUpdateCheck = 1620;
				LastUpgradeCheck = 1620;
				TargetAttributes = {
					D03736F02D8C2AC9006CED4A = {
						CreatedOnToolsVersion = 16.2;
					};
				};
			};
			buildConfigurationList = D03736EC2D8C2AC9006CED4A /* Build configuration list for PBXProject "Streamify" */;
			developmentRegion = en;
			hasScannedForEncodings = 0;
			knownRegions = (
				en,
				Base,
			);
			mainGroup = D03736E82D8C2AC9006CED4A;
			minimizedProjectReferenceProxies = 1;
			packageReferences = (
				D09E0EE42D8C3F32004EEC6C /* XCRemoteSwiftPackageReference "RxSwift" */,
				D09E0EE92D8C3F44004EEC6C /* XCRemoteSwiftPackageReference "SnapKit" */,
				D09E0EEC2D8C3FB5004EEC6C /* XCRemoteSwiftPackageReference "realm-swift" */,
				D09E18322D8D7A1D004EEC6C /* XCRemoteSwiftPackageReference "Cosmos" */,
				D00927A42D8EF52300A10742 /* XCRemoteSwiftPackageReference "RxDataSources" */,
			);
			preferredProjectObjectVersion = 77;
			productRefGroup = D03736F22D8C2AC9006CED4A /* Products */;
			projectDirPath = "";
			projectRoot = "";
			targets = (
				D03736F02D8C2AC9006CED4A /* Streamify */,
			);
		};
/* End PBXProject section */

/* Begin PBXResourcesBuildPhase section */
		D03736EF2D8C2AC9006CED4A /* Resources */ = {
			isa = PBXResourcesBuildPhase;
			buildActionMask = 2147483647;
			files = (
				D037370A2D8C2AD9006CED4A /* .gitignore in Resources */,
				D03737DE2D8C34ED006CED4A /* empty3 in Resources */,
				D03737C42D8C33CD006CED4A /* Assets.xcassets in Resources */,
				D03737C62D8C33CD006CED4A /* LaunchScreen.storyboard in Resources */,
			);
			runOnlyForDeploymentPostprocessing = 0;
		};
/* End PBXResourcesBuildPhase section */

/* Begin PBXSourcesBuildPhase section */
		D03736ED2D8C2AC9006CED4A /* Sources */ = {
			isa = PBXSourcesBuildPhase;
			buildActionMask = 2147483647;
			files = (
				AEF04CDB2D8FE9B9001D3274 /* DramaHeaderCell.swift in Sources */,
				D09E0DC12D8C3763004EEC6C /* BaseCollectionViewCell.swift in Sources */,
				D03737C12D8C33CD006CED4A /* AppDelegate.swift in Sources */,
				AEF04DA82D9002FC001D3274 /* EpisodeViewModel.swift in Sources */,
				D009270B2D8EEBCD00A10742 /* StorageView.swift in Sources */,
				D00926F72D8E998A00A10742 /* VerticalListView.swift in Sources */,
				D09E18312D8D79FF004EEC6C /* StarRatingView.swift in Sources */,
				3EE1E8572D8EEFE400681B6B /* TopRatedCell.swift in Sources */,
				D03737C22D8C33CD006CED4A /* SceneDelegate.swift in Sources */,
				D00926A42D8E74E400A10742 /* StreamifySymbol.swift in Sources */,
				3EE1E8242D8E80DE00681B6B /* TMDBEndpoint.swift in Sources */,
				D00928792D8FF31C00A10742 /* CommentViewController.swift in Sources */,
				D009279F2D8EF2F800A10742 /* CompositionalHeaderReusableView.swift in Sources */,
				AEF04DA62D9002E8001D3274 /* EpisodeView.swift in Sources */,
				3EE1E8322D8E8ECE00681B6B /* Coordinator.swift in Sources */,
				3EE1E8522D8EEB7B00681B6B /* MainCoordinator.swift in Sources */,
				3EE1E8472D8E9E6100681B6B /* GenreCell.swift in Sources */,
				3EE1E8482D8E9E6100681B6B /* NameInputViewController.swift in Sources */,
				D009283A2D8FB1BF00A10742 /* UIStackView + Extension.swift in Sources */,
				3EE1E8492D8E9E6100681B6B /* GenreSelectionViewController.swift in Sources */,
				D009283C2D8FB20F00A10742 /* StorageViewModel.swift in Sources */,
				D00927A32D8EF47F00A10742 /* BaseImageView.swift in Sources */,
				D009279D2D8EF26800A10742 /* CompositionalListView.swift in Sources */,
				3EE1E8302D8E852000681B6B /* Reusable.swift in Sources */,
				D00926A22D8E74A200A10742 /* StreamifyFont.swift in Sources */,
				AEF04B802D8EE82D001D3274 /* RealmRepository.swift in Sources */,
				D03737C32D8C33CD006CED4A /* ViewController.swift in Sources */,
				D00926F92D8E99CE00A10742 /* StarRatingStorageViewController.swift in Sources */,
				AEF04DAE2D901334001D3274 /* EpisodeCell.swift in Sources */,
				AEF04DAC2D901329001D3274 /* EpisodeButtonCell.swift in Sources */,
				AEF04C382D8FCD95001D3274 /* DramaViewModel.swift in Sources */,
				3EE1E82C2D8E83CA00681B6B /* TMDBRequest.swift in Sources */,
				D09E0EF42D8C44D5004EEC6C /* ViewControllerType.swift in Sources */,
				3EE1E84B2D8E9E8100681B6B /* GenreSelectionViewModel.swift in Sources */,
				D00926FB2D8E99EC00A10742 /* StarRatingStorageView.swift in Sources */,
				3EE1E85B2D8EF1BE00681B6B /* MainViewController.swift in Sources */,
				D00926FD2D8E9A0400A10742 /* StarRatingStorageViewModel.swift in Sources */,
				D00926A02D8E748100A10742 /* StreamifyColor.swift in Sources */,
				AEF04C342D8FCD7F001D3274 /* DramaView.swift in Sources */,
				AEF04C362D8FCD8A001D3274 /* DramaViewController.swift in Sources */,
				3EE1E84F2D8E9F4600681B6B /* NameInputViewModel.swift in Sources */,
				D00927AA2D8F072600A10742 /* UIView+Extension.swift in Sources */,
				3EE1E8402D8E9D7C00681B6B /* OnboardingCoordinator.swift in Sources */,
				D09E0EF62D8C4561004EEC6C /* BaseViewModel.swift in Sources */,
				D00928772D8FF30C00A10742 /* CommentView.swift in Sources */,
				AEF04DAA2D90130C001D3274 /* EpisodeHeaderCell.swift in Sources */,
				AEF04DA42D9002DD001D3274 /* EpisodeViewController.swift in Sources */,
				3EE1E82E2D8E846000681B6B /* NetworkManager.swift in Sources */,
				3EE1E82A2D8E82AF00681B6B /* Config.swift in Sources */,
				D009287B2D8FF32D00A10742 /* CommentViewModel.swift in Sources */,
				D00927A12D8EF41C00A10742 /* StorageCollectionViewCell.swift in Sources */,
				D00927072D8EE72C00A10742 /* StorageViewController.swift in Sources */,
				AEF04B1A2D8E9919001D3274 /* DramaTable.swift in Sources */,
				AEF04C2F2D8F0E63001D3274 /* APIKey.swift in Sources */,
				D00926FF2D8E9B8100A10742 /* StarRatingStorageCollectionViewCell.swift in Sources */,
				3EE1E8222D8E7FF400681B6B /* TMDBResponse.swift in Sources */,
				AEF04B822D8EE959001D3274 /* RealmDramaRepository.swift in Sources */,
				3EE1E85E2D8F01DF00681B6B /* MainViewModel.swift in Sources */,
				AEF04CD92D8FD982001D3274 /* DramaEpisodeCell.swift in Sources */,
				D09E0E552D8C3805004EEC6C /* BaseTableViewCell.swift in Sources */,
				D00927052D8EE65000A10742 /* BaseLabel.swift in Sources */,
				D09E0EF22D8C445F004EEC6C /* BaseViewController.swift in Sources */,
				D09E0EF82D8C45A1004EEC6C /* ViewModelType.swift in Sources */,
				D00927092D8EE77A00A10742 /* ActionButton.swift in Sources */,
				AEF04B842D8EF0E0001D3274 /* ProgressBar.swift in Sources */,
				D09E0DBF2D8C3748004EEC6C /* BaseView.swift in Sources */,
				3EE1E83E2D8E9BB200681B6B /* Genre.swift in Sources */,
			);
			runOnlyForDeploymentPostprocessing = 0;
		};
/* End PBXSourcesBuildPhase section */

/* Begin PBXVariantGroup section */
		D03737BD2D8C33CD006CED4A /* LaunchScreen.storyboard */ = {
			isa = PBXVariantGroup;
			children = (
				D03737BC2D8C33CD006CED4A /* Base */,
			);
			name = LaunchScreen.storyboard;
			sourceTree = "<group>";
		};
/* End PBXVariantGroup section */

/* Begin XCBuildConfiguration section */
		D03737052D8C2ACB006CED4A /* Debug */ = {
			isa = XCBuildConfiguration;
			buildSettings = {
				ASSETCATALOG_COMPILER_APPICON_NAME = AppIcon;
				ASSETCATALOG_COMPILER_GLOBAL_ACCENT_COLOR_NAME = AccentColor;
				CODE_SIGN_STYLE = Automatic;
				CURRENT_PROJECT_VERSION = 1;
				DEVELOPMENT_TEAM = HFR7W36699;
				GENERATE_INFOPLIST_FILE = YES;
				INFOPLIST_FILE = Streamify/Resource/Info.plist;
				INFOPLIST_KEY_UIApplicationSupportsIndirectInputEvents = YES;
				INFOPLIST_KEY_UILaunchStoryboardName = LaunchScreen;
				INFOPLIST_KEY_UISupportedInterfaceOrientations = UIInterfaceOrientationPortrait;
				INFOPLIST_KEY_UISupportedInterfaceOrientations_iPad = UIInterfaceOrientationPortrait;
				IPHONEOS_DEPLOYMENT_TARGET = 16.0;
				LD_RUNPATH_SEARCH_PATHS = (
					"$(inherited)",
					"@executable_path/Frameworks",
				);
				MARKETING_VERSION = 1.0;
				PRODUCT_BUNDLE_IDENTIFIER = com.scp.Streamify;
				PRODUCT_NAME = "$(TARGET_NAME)";
				SUPPORTED_PLATFORMS = "iphoneos iphonesimulator";
				SUPPORTS_MACCATALYST = NO;
				SUPPORTS_MAC_DESIGNED_FOR_IPHONE_IPAD = NO;
				SUPPORTS_XR_DESIGNED_FOR_IPHONE_IPAD = NO;
				SWIFT_EMIT_LOC_STRINGS = YES;
				SWIFT_VERSION = 5.0;
				TARGETED_DEVICE_FAMILY = 1;
			};
			name = Debug;
		};
		D03737062D8C2ACB006CED4A /* Release */ = {
			isa = XCBuildConfiguration;
			buildSettings = {
				ASSETCATALOG_COMPILER_APPICON_NAME = AppIcon;
				ASSETCATALOG_COMPILER_GLOBAL_ACCENT_COLOR_NAME = AccentColor;
				CODE_SIGN_STYLE = Automatic;
				CURRENT_PROJECT_VERSION = 1;
				DEVELOPMENT_TEAM = HFR7W36699;
				GENERATE_INFOPLIST_FILE = YES;
				INFOPLIST_FILE = Streamify/Resource/Info.plist;
				INFOPLIST_KEY_UIApplicationSupportsIndirectInputEvents = YES;
				INFOPLIST_KEY_UILaunchStoryboardName = LaunchScreen;
				INFOPLIST_KEY_UISupportedInterfaceOrientations = UIInterfaceOrientationPortrait;
				INFOPLIST_KEY_UISupportedInterfaceOrientations_iPad = UIInterfaceOrientationPortrait;
				IPHONEOS_DEPLOYMENT_TARGET = 16.0;
				LD_RUNPATH_SEARCH_PATHS = (
					"$(inherited)",
					"@executable_path/Frameworks",
				);
				MARKETING_VERSION = 1.0;
				PRODUCT_BUNDLE_IDENTIFIER = com.scp.Streamify;
				PRODUCT_NAME = "$(TARGET_NAME)";
				SUPPORTED_PLATFORMS = "iphoneos iphonesimulator";
				SUPPORTS_MACCATALYST = NO;
				SUPPORTS_MAC_DESIGNED_FOR_IPHONE_IPAD = NO;
				SUPPORTS_XR_DESIGNED_FOR_IPHONE_IPAD = NO;
				SWIFT_EMIT_LOC_STRINGS = YES;
				SWIFT_VERSION = 5.0;
				TARGETED_DEVICE_FAMILY = 1;
			};
			name = Release;
		};
		D03737072D8C2ACB006CED4A /* Debug */ = {
			isa = XCBuildConfiguration;
			buildSettings = {
				ALWAYS_SEARCH_USER_PATHS = NO;
				ASSETCATALOG_COMPILER_GENERATE_SWIFT_ASSET_SYMBOL_EXTENSIONS = YES;
				CLANG_ANALYZER_NONNULL = YES;
				CLANG_ANALYZER_NUMBER_OBJECT_CONVERSION = YES_AGGRESSIVE;
				CLANG_CXX_LANGUAGE_STANDARD = "gnu++20";
				CLANG_ENABLE_MODULES = YES;
				CLANG_ENABLE_OBJC_ARC = YES;
				CLANG_ENABLE_OBJC_WEAK = YES;
				CLANG_WARN_BLOCK_CAPTURE_AUTORELEASING = YES;
				CLANG_WARN_BOOL_CONVERSION = YES;
				CLANG_WARN_COMMA = YES;
				CLANG_WARN_CONSTANT_CONVERSION = YES;
				CLANG_WARN_DEPRECATED_OBJC_IMPLEMENTATIONS = YES;
				CLANG_WARN_DIRECT_OBJC_ISA_USAGE = YES_ERROR;
				CLANG_WARN_DOCUMENTATION_COMMENTS = YES;
				CLANG_WARN_EMPTY_BODY = YES;
				CLANG_WARN_ENUM_CONVERSION = YES;
				CLANG_WARN_INFINITE_RECURSION = YES;
				CLANG_WARN_INT_CONVERSION = YES;
				CLANG_WARN_NON_LITERAL_NULL_CONVERSION = YES;
				CLANG_WARN_OBJC_IMPLICIT_RETAIN_SELF = YES;
				CLANG_WARN_OBJC_LITERAL_CONVERSION = YES;
				CLANG_WARN_OBJC_ROOT_CLASS = YES_ERROR;
				CLANG_WARN_QUOTED_INCLUDE_IN_FRAMEWORK_HEADER = YES;
				CLANG_WARN_RANGE_LOOP_ANALYSIS = YES;
				CLANG_WARN_STRICT_PROTOTYPES = YES;
				CLANG_WARN_SUSPICIOUS_MOVE = YES;
				CLANG_WARN_UNGUARDED_AVAILABILITY = YES_AGGRESSIVE;
				CLANG_WARN_UNREACHABLE_CODE = YES;
				CLANG_WARN__DUPLICATE_METHOD_MATCH = YES;
				COPY_PHASE_STRIP = NO;
				DEBUG_INFORMATION_FORMAT = dwarf;
				ENABLE_STRICT_OBJC_MSGSEND = YES;
				ENABLE_TESTABILITY = YES;
				ENABLE_USER_SCRIPT_SANDBOXING = YES;
				GCC_C_LANGUAGE_STANDARD = gnu17;
				GCC_DYNAMIC_NO_PIC = NO;
				GCC_NO_COMMON_BLOCKS = YES;
				GCC_OPTIMIZATION_LEVEL = 0;
				GCC_PREPROCESSOR_DEFINITIONS = (
					"DEBUG=1",
					"$(inherited)",
				);
				GCC_WARN_64_TO_32_BIT_CONVERSION = YES;
				GCC_WARN_ABOUT_RETURN_TYPE = YES_ERROR;
				GCC_WARN_UNDECLARED_SELECTOR = YES;
				GCC_WARN_UNINITIALIZED_AUTOS = YES_AGGRESSIVE;
				GCC_WARN_UNUSED_FUNCTION = YES;
				GCC_WARN_UNUSED_VARIABLE = YES;
				IPHONEOS_DEPLOYMENT_TARGET = 18.2;
				LOCALIZATION_PREFERS_STRING_CATALOGS = YES;
				MTL_ENABLE_DEBUG_INFO = INCLUDE_SOURCE;
				MTL_FAST_MATH = YES;
				ONLY_ACTIVE_ARCH = YES;
				SDKROOT = iphoneos;
				SWIFT_ACTIVE_COMPILATION_CONDITIONS = "DEBUG $(inherited)";
				SWIFT_OPTIMIZATION_LEVEL = "-Onone";
			};
			name = Debug;
		};
		D03737082D8C2ACB006CED4A /* Release */ = {
			isa = XCBuildConfiguration;
			buildSettings = {
				ALWAYS_SEARCH_USER_PATHS = NO;
				ASSETCATALOG_COMPILER_GENERATE_SWIFT_ASSET_SYMBOL_EXTENSIONS = YES;
				CLANG_ANALYZER_NONNULL = YES;
				CLANG_ANALYZER_NUMBER_OBJECT_CONVERSION = YES_AGGRESSIVE;
				CLANG_CXX_LANGUAGE_STANDARD = "gnu++20";
				CLANG_ENABLE_MODULES = YES;
				CLANG_ENABLE_OBJC_ARC = YES;
				CLANG_ENABLE_OBJC_WEAK = YES;
				CLANG_WARN_BLOCK_CAPTURE_AUTORELEASING = YES;
				CLANG_WARN_BOOL_CONVERSION = YES;
				CLANG_WARN_COMMA = YES;
				CLANG_WARN_CONSTANT_CONVERSION = YES;
				CLANG_WARN_DEPRECATED_OBJC_IMPLEMENTATIONS = YES;
				CLANG_WARN_DIRECT_OBJC_ISA_USAGE = YES_ERROR;
				CLANG_WARN_DOCUMENTATION_COMMENTS = YES;
				CLANG_WARN_EMPTY_BODY = YES;
				CLANG_WARN_ENUM_CONVERSION = YES;
				CLANG_WARN_INFINITE_RECURSION = YES;
				CLANG_WARN_INT_CONVERSION = YES;
				CLANG_WARN_NON_LITERAL_NULL_CONVERSION = YES;
				CLANG_WARN_OBJC_IMPLICIT_RETAIN_SELF = YES;
				CLANG_WARN_OBJC_LITERAL_CONVERSION = YES;
				CLANG_WARN_OBJC_ROOT_CLASS = YES_ERROR;
				CLANG_WARN_QUOTED_INCLUDE_IN_FRAMEWORK_HEADER = YES;
				CLANG_WARN_RANGE_LOOP_ANALYSIS = YES;
				CLANG_WARN_STRICT_PROTOTYPES = YES;
				CLANG_WARN_SUSPICIOUS_MOVE = YES;
				CLANG_WARN_UNGUARDED_AVAILABILITY = YES_AGGRESSIVE;
				CLANG_WARN_UNREACHABLE_CODE = YES;
				CLANG_WARN__DUPLICATE_METHOD_MATCH = YES;
				COPY_PHASE_STRIP = NO;
				DEBUG_INFORMATION_FORMAT = "dwarf-with-dsym";
				ENABLE_NS_ASSERTIONS = NO;
				ENABLE_STRICT_OBJC_MSGSEND = YES;
				ENABLE_USER_SCRIPT_SANDBOXING = YES;
				GCC_C_LANGUAGE_STANDARD = gnu17;
				GCC_NO_COMMON_BLOCKS = YES;
				GCC_WARN_64_TO_32_BIT_CONVERSION = YES;
				GCC_WARN_ABOUT_RETURN_TYPE = YES_ERROR;
				GCC_WARN_UNDECLARED_SELECTOR = YES;
				GCC_WARN_UNINITIALIZED_AUTOS = YES_AGGRESSIVE;
				GCC_WARN_UNUSED_FUNCTION = YES;
				GCC_WARN_UNUSED_VARIABLE = YES;
				IPHONEOS_DEPLOYMENT_TARGET = 18.2;
				LOCALIZATION_PREFERS_STRING_CATALOGS = YES;
				MTL_ENABLE_DEBUG_INFO = NO;
				MTL_FAST_MATH = YES;
				SDKROOT = iphoneos;
				SWIFT_COMPILATION_MODE = wholemodule;
				VALIDATE_PRODUCT = YES;
			};
			name = Release;
		};
/* End XCBuildConfiguration section */

/* Begin XCConfigurationList section */
		D03736EC2D8C2AC9006CED4A /* Build configuration list for PBXProject "Streamify" */ = {
			isa = XCConfigurationList;
			buildConfigurations = (
				D03737072D8C2ACB006CED4A /* Debug */,
				D03737082D8C2ACB006CED4A /* Release */,
			);
			defaultConfigurationIsVisible = 0;
			defaultConfigurationName = Release;
		};
		D03737042D8C2ACB006CED4A /* Build configuration list for PBXNativeTarget "Streamify" */ = {
			isa = XCConfigurationList;
			buildConfigurations = (
				D03737052D8C2ACB006CED4A /* Debug */,
				D03737062D8C2ACB006CED4A /* Release */,
			);
			defaultConfigurationIsVisible = 0;
			defaultConfigurationName = Release;
		};
/* End XCConfigurationList section */

/* Begin XCRemoteSwiftPackageReference section */
		D00927A42D8EF52300A10742 /* XCRemoteSwiftPackageReference "RxDataSources" */ = {
			isa = XCRemoteSwiftPackageReference;
			repositoryURL = "https://github.com/RxSwiftCommunity/RxDataSources.git";
			requirement = {
				kind = upToNextMajorVersion;
				minimumVersion = 5.0.2;
			};
		};
		D09E0EE42D8C3F32004EEC6C /* XCRemoteSwiftPackageReference "RxSwift" */ = {
			isa = XCRemoteSwiftPackageReference;
			repositoryURL = "https://github.com/ReactiveX/RxSwift";
			requirement = {
				kind = upToNextMajorVersion;
				minimumVersion = 6.9.0;
			};
		};
		D09E0EE92D8C3F44004EEC6C /* XCRemoteSwiftPackageReference "SnapKit" */ = {
			isa = XCRemoteSwiftPackageReference;
			repositoryURL = "https://github.com/SnapKit/SnapKit.git";
			requirement = {
				kind = upToNextMajorVersion;
				minimumVersion = 5.7.1;
			};
		};
		D09E0EEC2D8C3FB5004EEC6C /* XCRemoteSwiftPackageReference "realm-swift" */ = {
			isa = XCRemoteSwiftPackageReference;
			repositoryURL = "https://github.com/realm/realm-swift.git";
			requirement = {
				kind = exactVersion;
				version = 20.0.1;
			};
		};
		D09E18322D8D7A1D004EEC6C /* XCRemoteSwiftPackageReference "Cosmos" */ = {
			isa = XCRemoteSwiftPackageReference;
			repositoryURL = "https://github.com/evgenyneu/Cosmos.git";
			requirement = {
				kind = upToNextMajorVersion;
				minimumVersion = 25.0.1;
			};
		};
/* End XCRemoteSwiftPackageReference section */

/* Begin XCSwiftPackageProductDependency section */
		D00927A52D8EF52300A10742 /* Differentiator */ = {
			isa = XCSwiftPackageProductDependency;
			package = D00927A42D8EF52300A10742 /* XCRemoteSwiftPackageReference "RxDataSources" */;
			productName = Differentiator;
		};
		D00927A72D8EF52300A10742 /* RxDataSources */ = {
			isa = XCSwiftPackageProductDependency;
			package = D00927A42D8EF52300A10742 /* XCRemoteSwiftPackageReference "RxDataSources" */;
			productName = RxDataSources;
		};
		D09E0EE52D8C3F32004EEC6C /* RxCocoa */ = {
			isa = XCSwiftPackageProductDependency;
			package = D09E0EE42D8C3F32004EEC6C /* XCRemoteSwiftPackageReference "RxSwift" */;
			productName = RxCocoa;
		};
		D09E0EE72D8C3F32004EEC6C /* RxSwift */ = {
			isa = XCSwiftPackageProductDependency;
			package = D09E0EE42D8C3F32004EEC6C /* XCRemoteSwiftPackageReference "RxSwift" */;
			productName = RxSwift;
		};
		D09E0EEA2D8C3F44004EEC6C /* SnapKit */ = {
			isa = XCSwiftPackageProductDependency;
			package = D09E0EE92D8C3F44004EEC6C /* XCRemoteSwiftPackageReference "SnapKit" */;
			productName = SnapKit;
		};
		D09E0EED2D8C3FB5004EEC6C /* RealmSwift */ = {
			isa = XCSwiftPackageProductDependency;
			package = D09E0EEC2D8C3FB5004EEC6C /* XCRemoteSwiftPackageReference "realm-swift" */;
			productName = RealmSwift;
		};
		D09E18332D8D7A1D004EEC6C /* Cosmos */ = {
			isa = XCSwiftPackageProductDependency;
			package = D09E18322D8D7A1D004EEC6C /* XCRemoteSwiftPackageReference "Cosmos" */;
			productName = Cosmos;
		};
/* End XCSwiftPackageProductDependency section */
	};
	rootObject = D03736E92D8C2AC9006CED4A /* Project object */;
}
